
Microsoft Visual Studio Solution File, Format Version 12.00
# Visual Studio Version 16
VisualStudioVersion = 16.0.31205.134
MinimumVisualStudioVersion = 10.0.40219.1
Project("{8BC9CEB8-8B4A-11D0-8D11-00A0C91BC942}") = "ASSIGN3", "ASSIGN3.vcxproj", "{0E58839D-35B8-44C2-81CD-79209718C30B}"
EndProject
Global
	GlobalSection(SolutionConfigurationPlatforms) = preSolution
		Debug|x64 = Debug|x64
		Debug|x86 = Debug|x86
		Release|x64 = Release|x64
		Release|x86 = Release|x86
	EndGlobalSection
	GlobalSection(ProjectConfigurationPlatforms) = postSolution
		{0E58839D-35B8-44C2-81CD-79209718C30B}.Debug|x64.ActiveCfg = Debug|x64
		{0E58839D-35B8-44C2-81CD-79209718C30B}.Debug|x64.Build.0 = Debug|x64
		{0E58839D-35B8-44C2-81CD-79209718C30B}.Debug|x86.ActiveCfg = Debug|Win32
		{0E58839D-35B8-44C2-81CD-79209718C30B}.Debug|x86.Build.0 = Debug|Win32
		{0E58839D-35B8-44C2-81CD-79209718C30B}.Release|x64.ActiveCfg = Release|x64
		{0E58839D-35B8-44C2-81CD-79209718C30B}.Release|x64.Build.0 = Release|x64
		{0E58839D-35B8-44C2-81CD-79209718C30B}.Release|x86.ActiveCfg = Release|Win32
		{0E58839D-35B8-44C2-81CD-79209718C30B}.Release|x86.Build.0 = Release|Win32
	EndGlobalSection
	GlobalSection(SolutionProperties) = preSolution
		HideSolutionNode = FALSE
	EndGlobalSection
	GlobalSection(ExtensibilityGlobals) = postSolution
		SolutionGuid = {5B3DFF3D-676F-4615-89DB-44CF04DB037B}
	EndGlobalSection
EndGlobal
